
Microsoft Visual Studio Solution File, Format Version 12.00
# Visual Studio 15
VisualStudioVersion = 15.0.27703.2018
MinimumVisualStudioVersion = 10.0.40219.1
Project("{8BC9CEB8-8B4A-11D0-8D11-00A0C91BC942}") = "Project_Two", "Project_Two\Project_Two.vcxproj", "{998EC4D2-E1B5-4095-AF54-61E1EA71E003}"
EndProject
Global
	GlobalSection(SolutionConfigurationPlatforms) = preSolution
		Debug|x64 = Debug|x64
		Debug|x86 = Debug|x86
		Release|x64 = Release|x64
		Release|x86 = Release|x86
	EndGlobalSection
	GlobalSection(ProjectConfigurationPlatforms) = postSolution
		{998EC4D2-E1B5-4095-AF54-61E1EA71E003}.Debug|x64.ActiveCfg = Debug|x64
		{998EC4D2-E1B5-4095-AF54-61E1EA71E003}.Debug|x64.Build.0 = Debug|x64
		{998EC4D2-E1B5-4095-AF54-61E1EA71E003}.Debug|x86.ActiveCfg = Debug|Win32
		{998EC4D2-E1B5-4095-AF54-61E1EA71E003}.Debug|x86.Build.0 = Debug|Win32
		{998EC4D2-E1B5-4095-AF54-61E1EA71E003}.Release|x64.ActiveCfg = Release|x64
		{998EC4D2-E1B5-4095-AF54-61E1EA71E003}.Release|x64.Build.0 = Release|x64
		{998EC4D2-E1B5-4095-AF54-61E1EA71E003}.Release|x86.ActiveCfg = Release|Win32
		{998EC4D2-E1B5-4095-AF54-61E1EA71E003}.Release|x86.Build.0 = Release|Win32
	EndGlobalSection
	GlobalSection(SolutionProperties) = preSolution
		HideSolutionNode = FALSE
	EndGlobalSection
	GlobalSection(ExtensibilityGlobals) = postSolution
		SolutionGuid = {DB0F1713-D67D-4F26-ABD5-D5DC71F486DA}
	EndGlobalSection
EndGlobal
